
Microsoft Visual Studio Solution File, Format Version 12.00
# Visual Studio Version 16
VisualStudioVersion = 16.0.29613.14
MinimumVisualStudioVersion = 10.0.40219.1
Project("{9A19103F-16F7-4668-BE54-9A1E7A4F7556}") = "LEnglish.Web", "LEnglish.Web\LEnglish.Web.csproj", "{75E8E525-7E9C-4661-B469-D3253D49572D}"
EndProject
Project("{9A19103F-16F7-4668-BE54-9A1E7A4F7556}") = "LEnglish.DAL", "LEnglish.DAL\LEnglish.DAL.csproj", "{20A759FF-1DDB-4A56-B43D-B23172245C19}"
EndProject
Project("{FAE04EC0-301F-11D3-BF4B-00C04F79EFBC}") = "LEnglish.BLL", "LEnglish.BLL\LEnglish.BLL.csproj", "{C2C0AF1D-BE1D-449B-B6AB-8916BAAB1FB2}"
EndProject
Project("{FAE04EC0-301F-11D3-BF4B-00C04F79EFBC}") = "LEnglish.Common", "LEnglish.Common\LEnglish.Common.csproj", "{10A3F554-72AF-489B-81B5-35E274B5AC52}"
EndProject
Global
	GlobalSection(SolutionConfigurationPlatforms) = preSolution
		Debug|Any CPU = Debug|Any CPU
		Release|Any CPU = Release|Any CPU
	EndGlobalSection
	GlobalSection(ProjectConfigurationPlatforms) = postSolution
		{75E8E525-7E9C-4661-B469-D3253D49572D}.Debug|Any CPU.ActiveCfg = Debug|Any CPU
		{75E8E525-7E9C-4661-B469-D3253D49572D}.Debug|Any CPU.Build.0 = Debug|Any CPU
		{75E8E525-7E9C-4661-B469-D3253D49572D}.Release|Any CPU.ActiveCfg = Release|Any CPU
		{75E8E525-7E9C-4661-B469-D3253D49572D}.Release|Any CPU.Build.0 = Release|Any CPU
		{20A759FF-1DDB-4A56-B43D-B23172245C19}.Debug|Any CPU.ActiveCfg = Debug|Any CPU
		{20A759FF-1DDB-4A56-B43D-B23172245C19}.Debug|Any CPU.Build.0 = Debug|Any CPU
		{20A759FF-1DDB-4A56-B43D-B23172245C19}.Release|Any CPU.ActiveCfg = Release|Any CPU
		{20A759FF-1DDB-4A56-B43D-B23172245C19}.Release|Any CPU.Build.0 = Release|Any CPU
		{C2C0AF1D-BE1D-449B-B6AB-8916BAAB1FB2}.Debug|Any CPU.ActiveCfg = Debug|Any CPU
		{C2C0AF1D-BE1D-449B-B6AB-8916BAAB1FB2}.Debug|Any CPU.Build.0 = Debug|Any CPU
		{C2C0AF1D-BE1D-449B-B6AB-8916BAAB1FB2}.Release|Any CPU.ActiveCfg = Release|Any CPU
		{C2C0AF1D-BE1D-449B-B6AB-8916BAAB1FB2}.Release|Any CPU.Build.0 = Release|Any CPU
		{10A3F554-72AF-489B-81B5-35E274B5AC52}.Debug|Any CPU.ActiveCfg = Debug|Any CPU
		{10A3F554-72AF-489B-81B5-35E274B5AC52}.Debug|Any CPU.Build.0 = Debug|Any CPU
		{10A3F554-72AF-489B-81B5-35E274B5AC52}.Release|Any CPU.ActiveCfg = Release|Any CPU
		{10A3F554-72AF-489B-81B5-35E274B5AC52}.Release|Any CPU.Build.0 = Release|Any CPU
	EndGlobalSection
	GlobalSection(SolutionProperties) = preSolution
		HideSolutionNode = FALSE
	EndGlobalSection
	GlobalSection(ExtensibilityGlobals) = postSolution
		SolutionGuid = {081F3BC8-84C7-469C-B392-3CF44AEAE474}
	EndGlobalSection
EndGlobal
